{
  "requires": true,
  "lockfileVersion": 1,
  "dependencies": {
    "react-lines-ellipsis": {
      "version": "0.13.2",
      "resolved": "https://registry.npmjs.org/react-lines-ellipsis/-/react-lines-ellipsis-0.13.2.tgz",
      "integrity": "sha512-4r4PdfR0l0KNbiIp9U6+9Yiap030brPdHuBECqseEfNMZpTsMQrTiqVxUnQ4fnUnv+xwzj1/pDuLSRmc37XSJA=="
    }
  }
}
